[root]
name = "balloon"
version = "0.1.0"
dependencies = [
 "peg 0.5.1 (registry+https://github.com/rust-lang/crates.io-index)",
]

[[package]]
name = "peg"
version = "0.5.1"
source = "registry+https://github.com/rust-lang/crates.io-index"
dependencies = [
 "quote 0.3.12 (registry+https://github.com/rust-lang/crates.io-index)",
]

[[package]]
name = "quote"
version = "0.3.12"
source = "registry+https://github.com/rust-lang/crates.io-index"

[metadata]
"checksum peg 0.5.1 (registry+https://github.com/rust-lang/crates.io-index)" = "5fd5b23b4705900a7dd1e40a5d689bd854840e9ed9d1259ee936fb1752b771d6"
"checksum quote 0.3.12 (registry+https://github.com/rust-lang/crates.io-index)" = "e7b44fd83db28b83c1c58187159934906e5e955c812e211df413b76b03c909a5"
